// !$*UTF8*$!
{
	archiveVersion = 1;
	classes = {
	};
	objectVersion = 48;
	objects = {

/* Begin PBXBuildFile section */
		250EA25F1FED2A3000FC4DC6 /* CoreImage.framework in Frameworks */ = {isa = PBXBuildFile; fileRef = 250EA25C1FED142600FC4DC6 /* CoreImage.framework */; };
		835A9FFE1FDFE54900A8172D /* AppDelegate.swift in Sources */ = {isa = PBXBuildFile; fileRef = 835A9FFD1FDFE54900A8172D /* AppDelegate.swift */; };
		835AA0001FDFE54900A8172D /* ViewController.swift in Sources */ = {isa = PBXBuildFile; fileRef = 835A9FFF1FDFE54900A8172D /* ViewController.swift */; };
		835AA0021FDFE54900A8172D /* Assets.xcassets in Resources */ = {isa = PBXBuildFile; fileRef = 835AA0011FDFE54900A8172D /* Assets.xcassets */; };
		835AA0051FDFE54900A8172D /* Main.storyboard in Resources */ = {isa = PBXBuildFile; fileRef = 835AA0031FDFE54900A8172D /* Main.storyboard */; };
/* End PBXBuildFile section */

/* Begin PBXFileReference section */
		250EA25C1FED142600FC4DC6 /* CoreImage.framework */ = {isa = PBXFileReference; lastKnownFileType = wrapper.framework; name = CoreImage.framework; path = System/Library/Frameworks/CoreImage.framework; sourceTree = SDKROOT; };
		835A9FFA1FDFE54900A8172D /* macOSTestApp.app */ = {isa = PBXFileReference; explicitFileType = wrapper.application; includeInIndex = 0; path = macOSTestApp.app; sourceTree = BUILT_PRODUCTS_DIR; };
		835A9FFD1FDFE54900A8172D /* AppDelegate.swift */ = {isa = PBXFileReference; lastKnownFileType = sourcecode.swift; path = AppDelegate.swift; sourceTree = "<group>"; };
		835A9FFF1FDFE54900A8172D /* ViewController.swift */ = {isa = PBXFileReference; lastKnownFileType = sourcecode.swift; path = ViewController.swift; sourceTree = "<group>"; };
		835AA0011FDFE54900A8172D /* Assets.xcassets */ = {isa = PBXFileReference; lastKnownFileType = folder.assetcatalog; path = Assets.xcassets; sourceTree = "<group>"; };
		835AA0041FDFE54900A8172D /* Base */ = {isa = PBXFileReference; lastKnownFileType = file.storyboard; name = Base; path = Base.lproj/Main.storyboard; sourceTree = "<group>"; };
		835AA0061FDFE54900A8172D /* Info.plist */ = {isa = PBXFileReference; lastKnownFileType = text.plist.xml; path = Info.plist; sourceTree = "<group>"; };
		835AA0071FDFE54900A8172D /* macOSTestApp.entitlements */ = {isa = PBXFileReference; lastKnownFileType = text.plist.entitlements; path = macOSTestApp.entitlements; sourceTree = "<group>"; };
/* End PBXFileReference section */

/* Begin PBXFrameworksBuildPhase section */
		835A9FF71FDFE54900A8172D /* Frameworks */ = {
			isa = PBXFrameworksBuildPhase;
			buildActionMask = 2147483647;
			files = (
				250EA25F1FED2A3000FC4DC6 /* CoreImage.framework in Frameworks */,
			);
			runOnlyForDeploymentPostprocessing = 0;
		};
/* End PBXFrameworksBuildPhase section */

/* Begin PBXGroup section */
		250EA25B1FED142600FC4DC6 /* Frameworks */ = {
			isa = PBXGroup;
			children = (
				250EA25C1FED142600FC4DC6 /* CoreImage.framework */,
			);
			name = Frameworks;
			sourceTree = "<group>";
		};
		835A9FF11FDFE54900A8172D = {
			isa = PBXGroup;
			children = (
				835A9FFC1FDFE54900A8172D /* macOSTestApp */,
				835A9FFB1FDFE54900A8172D /* Products */,
				250EA25B1FED142600FC4DC6 /* Frameworks */,
			);
			sourceTree = "<group>";
		};
		835A9FFB1FDFE54900A8172D /* Products */ = {
			isa = PBXGroup;
			children = (
				835A9FFA1FDFE54900A8172D /* macOSTestApp.app */,
			);
			name = Products;
			sourceTree = "<group>";
		};
		835A9FFC1FDFE54900A8172D /* macOSTestApp */ = {
			isa = PBXGroup;
			children = (
				835A9FFD1FDFE54900A8172D /* AppDelegate.swift */,
				835A9FFF1FDFE54900A8172D /* ViewController.swift */,
				835AA0011FDFE54900A8172D /* Assets.xcassets */,
				835AA0031FDFE54900A8172D /* Main.storyboard */,
				835AA0061FDFE54900A8172D /* Info.plist */,
				835AA0071FDFE54900A8172D /* macOSTestApp.entitlements */,
			);
			path = macOSTestApp;
			sourceTree = "<group>";
		};
/* End PBXGroup section */

/* Begin PBXNativeTarget section */
		835A9FF91FDFE54900A8172D /* macOSTestApp */ = {
			isa = PBXNativeTarget;
			buildConfigurationList = 835AA00A1FDFE54900A8172D /* Build configuration list for PBXNativeTarget "macOSTestApp" */;
			buildPhases = (
				835A9FF61FDFE54900A8172D /* Sources */,
				835A9FF71FDFE54900A8172D /* Frameworks */,
				835A9FF81FDFE54900A8172D /* Resources */,
			);
			buildRules = (
			);
			dependencies = (
			);
			name = macOSTestApp;
			productName = macOSTestApp;
			productReference = 835A9FFA1FDFE54900A8172D /* macOSTestApp.app */;
			productType = "com.apple.product-type.application";
		};
/* End PBXNativeTarget section */

/* Begin PBXProject section */
		835A9FF21FDFE54900A8172D /* Project object */ = {
			isa = PBXProject;
			attributes = {
				LastSwiftUpdateCheck = 0910;
				LastUpgradeCheck = 0910;
				ORGANIZATIONNAME = Polidea;
				TargetAttributes = {
					835A9FF91FDFE54900A8172D = {
						CreatedOnToolsVersion = 9.1;
						ProvisioningStyle = Automatic;
					};
				};
			};
			buildConfigurationList = 835A9FF51FDFE54900A8172D /* Build configuration list for PBXProject "macOSTestApp" */;
			compatibilityVersion = "Xcode 8.0";
			developmentRegion = en;
			hasScannedForEncodings = 0;
			knownRegions = (
				en,
				Base,
			);
			mainGroup = 835A9FF11FDFE54900A8172D;
			productRefGroup = 835A9FFB1FDFE54900A8172D /* Products */;
			projectDirPath = "";
			projectRoot = "";
			targets = (
				835A9FF91FDFE54900A8172D /* macOSTestApp */,
			);
		};
/* End PBXProject section */

/* Begin PBXResourcesBuildPhase section */
		835A9FF81FDFE54900A8172D /* Resources */ = {
			isa = PBXResourcesBuildPhase;
			buildActionMask = 2147483647;
			files = (
				835AA0021FDFE54900A8172D /* Assets.xcassets in Resources */,
				835AA0051FDFE54900A8172D /* Main.storyboard in Resources */,
			);
			runOnlyForDeploymentPostprocessing = 0;
		};
/* End PBXResourcesBuildPhase section */

/* Begin PBXSourcesBuildPhase section */
		835A9FF61FDFE54900A8172D /* Sources */ = {
			isa = PBXSourcesBuildPhase;
			buildActionMask = 2147483647;
			files = (
				835AA0001FDFE54900A8172D /* ViewController.swift in Sources */,
				835A9FFE1FDFE54900A8172D /* AppDelegate.swift in Sources */,
			);
			runOnlyForDeploymentPostprocessing = 0;
		};
/* End PBXSourcesBuildPhase section */

/* Begin PBXVariantGroup section */
		835AA0031FDFE54900A8172D /* Main.storyboard */ = {
			isa = PBXVariantGroup;
			children = (
				835AA0041FDFE54900A8172D /* Base */,
			);
			name = Main.storyboard;
			sourceTree = "<group>";
		};
/* End PBXVariantGroup section */

/* Begin XCBuildConfiguration section */
		835AA0081FDFE54900A8172D /* Debug */ = {
			isa = XCBuildConfiguration;
			buildSettings = {
				ALWAYS_SEARCH_USER_PATHS = NO;
				CLANG_ANALYZER_NONNULL = YES;
				CLANG_ANALYZER_NUMBER_OBJECT_CONVERSION = YES_AGGRESSIVE;
				CLANG_CXX_LANGUAGE_STANDARD = "gnu++14";
				CLANG_CXX_LIBRARY = "libc++";
				CLANG_ENABLE_MODULES = YES;
				CLANG_ENABLE_OBJC_ARC = YES;
				CLANG_WARN_BLOCK_CAPTURE_AUTORELEASING = YES;
				CLANG_WARN_BOOL_CONVERSION = YES;
				CLANG_WARN_COMMA = YES;
				CLANG_WARN_CONSTANT_CONVERSION = YES;
				CLANG_WARN_DIRECT_OBJC_ISA_USAGE = YES_ERROR;
				CLANG_WARN_DOCUMENTATION_COMMENTS = YES;
				CLANG_WARN_EMPTY_BODY = YES;
				CLANG_WARN_ENUM_CONVERSION = YES;
				CLANG_WARN_INFINITE_RECURSION = YES;
				CLANG_WARN_INT_CONVERSION = YES;
				CLANG_WARN_NON_LITERAL_NULL_CONVERSION = YES;
				CLANG_WARN_OBJC_LITERAL_CONVERSION = YES;
				CLANG_WARN_OBJC_ROOT_CLASS = YES_ERROR;
				CLANG_WARN_RANGE_LOOP_ANALYSIS = YES;
				CLANG_WARN_STRICT_PROTOTYPES = YES;
				CLANG_WARN_SUSPICIOUS_MOVE = YES;
				CLANG_WARN_UNGUARDED_AVAILABILITY = YES_AGGRESSIVE;
				CLANG_WARN_UNREACHABLE_CODE = YES;
				CLANG_WARN__DUPLICATE_METHOD_MATCH = YES;
				CODE_SIGN_IDENTITY = "Mac Developer";
				COPY_PHASE_STRIP = NO;
				DEBUG_INFORMATION_FORMAT = dwarf;
				ENABLE_STRICT_OBJC_MSGSEND = YES;
				ENABLE_TESTABILITY = YES;
				GCC_C_LANGUAGE_STANDARD = gnu11;
				GCC_DYNAMIC_NO_PIC = NO;
				GCC_NO_COMMON_BLOCKS = YES;
				GCC_OPTIMIZATION_LEVEL = 0;
				GCC_PREPROCESSOR_DEFINITIONS = (
					"DEBUG=1",
					"$(inherited)",
				);
				GCC_WARN_64_TO_32_BIT_CONVERSION = YES;
				GCC_WARN_ABOUT_RETURN_TYPE = YES_ERROR;
				GCC_WARN_UNDECLARED_SELECTOR = YES;
				GCC_WARN_UNINITIALIZED_AUTOS = YES_AGGRESSIVE;
				GCC_WARN_UNUSED_FUNCTION = YES;
				GCC_WARN_UNUSED_VARIABLE = YES;
				MACOSX_DEPLOYMENT_TARGET = 10.12;
				MTL_ENABLE_DEBUG_INFO = YES;
				ONLY_ACTIVE_ARCH = YES;
				SDKROOT = macosx;
				SWIFT_ACTIVE_COMPILATION_CONDITIONS = DEBUG;
				SWIFT_OPTIMIZATION_LEVEL = "-Onone";
			};
			name = Debug;
		};
		835AA0091FDFE54900A8172D /* Release */ = {
			isa = XCBuildConfiguration;
			buildSettings = {
				ALWAYS_SEARCH_USER_PATHS = NO;
				CLANG_ANALYZER_NONNULL = YES;
				CLANG_ANALYZER_NUMBER_OBJECT_CONVERSION = YES_AGGRESSIVE;
				CLANG_CXX_LANGUAGE_STANDARD = "gnu++14";
				CLANG_CXX_LIBRARY = "libc++";
				CLANG_ENABLE_MODULES = YES;
				CLANG_ENABLE_OBJC_ARC = YES;
				CLANG_WARN_BLOCK_CAPTURE_AUTORELEASING = YES;
				CLANG_WARN_BOOL_CONVERSION = YES;
				CLANG_WARN_COMMA = YES;
				CLANG_WARN_CONSTANT_CONVERSION = YES;
				CLANG_WARN_DIRECT_OBJC_ISA_USAGE = YES_ERROR;
				CLANG_WARN_DOCUMENTATION_COMMENTS = YES;
				CLANG_WARN_EMPTY_BODY = YES;
				CLANG_WARN_ENUM_CONVERSION = YES;
				CLANG_WARN_INFINITE_RECURSION = YES;
				CLANG_WARN_INT_CONVERSION = YES;
				CLANG_WARN_NON_LITERAL_NULL_CONVERSION = YES;
				CLANG_WARN_OBJC_LITERAL_CONVERSION = YES;
				CLANG_WARN_OBJC_ROOT_CLASS = YES_ERROR;
				CLANG_WARN_RANGE_LOOP_ANALYSIS = YES;
				CLANG_WARN_STRICT_PROTOTYPES = YES;
				CLANG_WARN_SUSPICIOUS_MOVE = YES;
				CLANG_WARN_UNGUARDED_AVAILABILITY = YES_AGGRESSIVE;
				CLANG_WARN_UNREACHABLE_CODE = YES;
				CLANG_WARN__DUPLICATE_METHOD_MATCH = YES;
				CODE_SIGN_IDENTITY = "Mac Developer";
				COPY_PHASE_STRIP = NO;
				DEBUG_INFORMATION_FORMAT = "dwarf-with-dsym";
				ENABLE_NS_ASSERTIONS = NO;
				ENABLE_STRICT_OBJC_MSGSEND = YES;
				GCC_C_LANGUAGE_STANDARD = gnu11;
				GCC_NO_COMMON_BLOCKS = YES;
				GCC_WARN_64_TO_32_BIT_CONVERSION = YES;
				GCC_WARN_ABOUT_RETURN_TYPE = YES_ERROR;
				GCC_WARN_UNDECLARED_SELECTOR = YES;
				GCC_WARN_UNINITIALIZED_AUTOS = YES_AGGRESSIVE;
				GCC_WARN_UNUSED_FUNCTION = YES;
				GCC_WARN_UNUSED_VARIABLE = YES;
				MACOSX_DEPLOYMENT_TARGET = 10.12;
				MTL_ENABLE_DEBUG_INFO = NO;
				SDKROOT = macosx;
				SWIFT_OPTIMIZATION_LEVEL = "-Owholemodule";
			};
			name = Release;
		};
		835AA00B1FDFE54900A8172D /* Debug */ = {
			isa = XCBuildConfiguration;
			buildSettings = {
				ASSETCATALOG_COMPILER_APPICON_NAME = AppIcon;
				CODE_SIGN_ENTITLEMENTS = macOSTestApp/macOSTestApp.entitlements;
				CODE_SIGN_IDENTITY = "Mac Developer";
				CODE_SIGN_STYLE = Automatic;
				COMBINE_HIDPI_IMAGES = YES;
				DEVELOPMENT_TEAM = WR35VQMY5K;
				INFOPLIST_FILE = macOSTestApp/Info.plist;
				LD_RUNPATH_SEARCH_PATHS = "$(inherited) @executable_path/../Frameworks";
				PRODUCT_BUNDLE_IDENTIFIER = com.polidea.macOSTestApp;
				PRODUCT_NAME = "$(TARGET_NAME)";
				PROVISIONING_PROFILE_SPECIFIER = "";
				SWIFT_VERSION = 4.0;
			};
			name = Debug;
		};
		835AA00C1FDFE54900A8172D /* Release */ = {
			isa = XCBuildConfiguration;
			buildSettings = {
				ASSETCATALOG_COMPILER_APPICON_NAME = AppIcon;
				CODE_SIGN_ENTITLEMENTS = macOSTestApp/macOSTestApp.entitlements;
				CODE_SIGN_IDENTITY = "Mac Developer";
				CODE_SIGN_STYLE = Automatic;
				COMBINE_HIDPI_IMAGES = YES;
				DEVELOPMENT_TEAM = WR35VQMY5K;
				INFOPLIST_FILE = macOSTestApp/Info.plist;
				LD_RUNPATH_SEARCH_PATHS = "$(inherited) @executable_path/../Frameworks";
				PRODUCT_BUNDLE_IDENTIFIER = com.polidea.macOSTestApp;
				PRODUCT_NAME = "$(TARGET_NAME)";
				PROVISIONING_PROFILE_SPECIFIER = "";
				SWIFT_VERSION = 4.0;
			};
			name = Release;
		};
/* End XCBuildConfiguration section */

/* Begin XCConfigurationList section */
		835A9FF51FDFE54900A8172D /* Build configuration list for PBXProject "macOSTestApp" */ = {
			isa = XCConfigurationList;
			buildConfigurations = (
				835AA0081FDFE54900A8172D /* Debug */,
				835AA0091FDFE54900A8172D /* Release */,
			);
			defaultConfigurationIsVisible = 0;
			defaultConfigurationName = Release;
		};
		835AA00A1FDFE54900A8172D /* Build configuration list for PBXNativeTarget "macOSTestApp" */ = {
			isa = XCConfigurationList;
			buildConfigurations = (
				835AA00B1FDFE54900A8172D /* Debug */,
				835AA00C1FDFE54900A8172D /* Release */,
			);
			defaultConfigurationIsVisible = 0;
			defaultConfigurationName = Release;
		};
/* End XCConfigurationList section */
	};
	rootObject = 835A9FF21FDFE54900A8172D /* Project object */;
}
