// !$*UTF8*$!
{
	archiveVersion = 1;
	classes = {
	};
	objectVersion = 48;
	objects = {

/* Begin PBXBuildFile section */
		835A9F7F1FDFE4D400A8172D /* AppDelegate.swift in Sources */ = {isa = PBXBuildFile; fileRef = 835A9F7E1FDFE4D400A8172D /* AppDelegate.swift */; };
		835A9F811FDFE4D400A8172D /* ViewController.swift in Sources */ = {isa = PBXBuildFile; fileRef = 835A9F801FDFE4D400A8172D /* ViewController.swift */; };
		835A9F841FDFE4D400A8172D /* Main.storyboard in Resources */ = {isa = PBXBuildFile; fileRef = 835A9F821FDFE4D400A8172D /* Main.storyboard */; };
		835A9F861FDFE4D400A8172D /* Assets.xcassets in Resources */ = {isa = PBXBuildFile; fileRef = 835A9F851FDFE4D400A8172D /* Assets.xcassets */; };
		835A9F891FDFE4D400A8172D /* LaunchScreen.storyboard in Resources */ = {isa = PBXBuildFile; fileRef = 835A9F871FDFE4D400A8172D /* LaunchScreen.storyboard */; };
/* End PBXBuildFile section */

/* Begin PBXFileReference section */
		835A9F7B1FDFE4D400A8172D /* iOSTestApp.app */ = {isa = PBXFileReference; explicitFileType = wrapper.application; includeInIndex = 0; path = iOSTestApp.app; sourceTree = BUILT_PRODUCTS_DIR; };
		835A9F7E1FDFE4D400A8172D /* AppDelegate.swift */ = {isa = PBXFileReference; lastKnownFileType = sourcecode.swift; path = AppDelegate.swift; sourceTree = "<group>"; };
		835A9F801FDFE4D400A8172D /* ViewController.swift */ = {isa = PBXFileReference; lastKnownFileType = sourcecode.swift; path = ViewController.swift; sourceTree = "<group>"; };
		835A9F831FDFE4D400A8172D /* Base */ = {isa = PBXFileReference; lastKnownFileType = file.storyboard; name = Base; path = Base.lproj/Main.storyboard; sourceTree = "<group>"; };
		835A9F851FDFE4D400A8172D /* Assets.xcassets */ = {isa = PBXFileReference; lastKnownFileType = folder.assetcatalog; path = Assets.xcassets; sourceTree = "<group>"; };
		835A9F881FDFE4D400A8172D /* Base */ = {isa = PBXFileReference; lastKnownFileType = file.storyboard; name = Base; path = Base.lproj/LaunchScreen.storyboard; sourceTree = "<group>"; };
		835A9F8A1FDFE4D400A8172D /* Info.plist */ = {isa = PBXFileReference; lastKnownFileType = text.plist.xml; path = Info.plist; sourceTree = "<group>"; };
/* End PBXFileReference section */

/* Begin PBXFrameworksBuildPhase section */
		835A9F781FDFE4D400A8172D /* Frameworks */ = {
			isa = PBXFrameworksBuildPhase;
			buildActionMask = 2147483647;
			files = (
			);
			runOnlyForDeploymentPostprocessing = 0;
		};
/* End PBXFrameworksBuildPhase section */

/* Begin PBXGroup section */
		835A9F721FDFE4D400A8172D = {
			isa = PBXGroup;
			children = (
				835A9F7D1FDFE4D400A8172D /* iOSTestApp */,
				835A9F7C1FDFE4D400A8172D /* Products */,
			);
			sourceTree = "<group>";
		};
		835A9F7C1FDFE4D400A8172D /* Products */ = {
			isa = PBXGroup;
			children = (
				835A9F7B1FDFE4D400A8172D /* iOSTestApp.app */,
			);
			name = Products;
			sourceTree = "<group>";
		};
		835A9F7D1FDFE4D400A8172D /* iOSTestApp */ = {
			isa = PBXGroup;
			children = (
				835A9F7E1FDFE4D400A8172D /* AppDelegate.swift */,
				835A9F801FDFE4D400A8172D /* ViewController.swift */,
				835A9F821FDFE4D400A8172D /* Main.storyboard */,
				835A9F851FDFE4D400A8172D /* Assets.xcassets */,
				835A9F871FDFE4D400A8172D /* LaunchScreen.storyboard */,
				835A9F8A1FDFE4D400A8172D /* Info.plist */,
			);
			path = iOSTestApp;
			sourceTree = "<group>";
		};
/* End PBXGroup section */

/* Begin PBXNativeTarget section */
		835A9F7A1FDFE4D400A8172D /* iOSTestApp */ = {
			isa = PBXNativeTarget;
			buildConfigurationList = 835A9F8D1FDFE4D400A8172D /* Build configuration list for PBXNativeTarget "iOSTestApp" */;
			buildPhases = (
				835A9F771FDFE4D400A8172D /* Sources */,
				835A9F781FDFE4D400A8172D /* Frameworks */,
				835A9F791FDFE4D400A8172D /* Resources */,
			);
			buildRules = (
			);
			dependencies = (
			);
			name = iOSTestApp;
			productName = iOSTestApp;
			productReference = 835A9F7B1FDFE4D400A8172D /* iOSTestApp.app */;
			productType = "com.apple.product-type.application";
		};
/* End PBXNativeTarget section */

/* Begin PBXProject section */
		835A9F731FDFE4D400A8172D /* Project object */ = {
			isa = PBXProject;
			attributes = {
				LastSwiftUpdateCheck = 0910;
				LastUpgradeCheck = 0910;
				ORGANIZATIONNAME = Polidea;
				TargetAttributes = {
					835A9F7A1FDFE4D400A8172D = {
						CreatedOnToolsVersion = 9.1;
						ProvisioningStyle = Automatic;
					};
				};
			};
			buildConfigurationList = 835A9F761FDFE4D400A8172D /* Build configuration list for PBXProject "iOSTestApp" */;
			compatibilityVersion = "Xcode 8.0";
			developmentRegion = en;
			hasScannedForEncodings = 0;
			knownRegions = (
				en,
				Base,
			);
			mainGroup = 835A9F721FDFE4D400A8172D;
			productRefGroup = 835A9F7C1FDFE4D400A8172D /* Products */;
			projectDirPath = "";
			projectRoot = "";
			targets = (
				835A9F7A1FDFE4D400A8172D /* iOSTestApp */,
			);
		};
/* End PBXProject section */

/* Begin PBXResourcesBuildPhase section */
		835A9F791FDFE4D400A8172D /* Resources */ = {
			isa = PBXResourcesBuildPhase;
			buildActionMask = 2147483647;
			files = (
				835A9F891FDFE4D400A8172D /* LaunchScreen.storyboard in Resources */,
				835A9F861FDFE4D400A8172D /* Assets.xcassets in Resources */,
				835A9F841FDFE4D400A8172D /* Main.storyboard in Resources */,
			);
			runOnlyForDeploymentPostprocessing = 0;
		};
/* End PBXResourcesBuildPhase section */

/* Begin PBXSourcesBuildPhase section */
		835A9F771FDFE4D400A8172D /* Sources */ = {
			isa = PBXSourcesBuildPhase;
			buildActionMask = 2147483647;
			files = (
				835A9F811FDFE4D400A8172D /* ViewController.swift in Sources */,
				835A9F7F1FDFE4D400A8172D /* AppDelegate.swift in Sources */,
			);
			runOnlyForDeploymentPostprocessing = 0;
		};
/* End PBXSourcesBuildPhase section */

/* Begin PBXVariantGroup section */
		835A9F821FDFE4D400A8172D /* Main.storyboard */ = {
			isa = PBXVariantGroup;
			children = (
				835A9F831FDFE4D400A8172D /* Base */,
			);
			name = Main.storyboard;
			sourceTree = "<group>";
		};
		835A9F871FDFE4D400A8172D /* LaunchScreen.storyboard */ = {
			isa = PBXVariantGroup;
			children = (
				835A9F881FDFE4D400A8172D /* Base */,
			);
			name = LaunchScreen.storyboard;
			sourceTree = "<group>";
		};
/* End PBXVariantGroup section */

/* Begin XCBuildConfiguration section */
		835A9F8B1FDFE4D400A8172D /* Debug */ = {
			isa = XCBuildConfiguration;
			buildSettings = {
				ALWAYS_SEARCH_USER_PATHS = NO;
				CLANG_ANALYZER_NONNULL = YES;
				CLANG_ANALYZER_NUMBER_OBJECT_CONVERSION = YES_AGGRESSIVE;
				CLANG_CXX_LANGUAGE_STANDARD = "gnu++14";
				CLANG_CXX_LIBRARY = "libc++";
				CLANG_ENABLE_MODULES = YES;
				CLANG_ENABLE_OBJC_ARC = YES;
				CLANG_WARN_BLOCK_CAPTURE_AUTORELEASING = YES;
				CLANG_WARN_BOOL_CONVERSION = YES;
				CLANG_WARN_COMMA = YES;
				CLANG_WARN_CONSTANT_CONVERSION = YES;
				CLANG_WARN_DIRECT_OBJC_ISA_USAGE = YES_ERROR;
				CLANG_WARN_DOCUMENTATION_COMMENTS = YES;
				CLANG_WARN_EMPTY_BODY = YES;
				CLANG_WARN_ENUM_CONVERSION = YES;
				CLANG_WARN_INFINITE_RECURSION = YES;
				CLANG_WARN_INT_CONVERSION = YES;
				CLANG_WARN_NON_LITERAL_NULL_CONVERSION = YES;
				CLANG_WARN_OBJC_LITERAL_CONVERSION = YES;
				CLANG_WARN_OBJC_ROOT_CLASS = YES_ERROR;
				CLANG_WARN_RANGE_LOOP_ANALYSIS = YES;
				CLANG_WARN_STRICT_PROTOTYPES = YES;
				CLANG_WARN_SUSPICIOUS_MOVE = YES;
				CLANG_WARN_UNGUARDED_AVAILABILITY = YES_AGGRESSIVE;
				CLANG_WARN_UNREACHABLE_CODE = YES;
				CLANG_WARN__DUPLICATE_METHOD_MATCH = YES;
				CODE_SIGN_IDENTITY = "iPhone Developer";
				COPY_PHASE_STRIP = NO;
				DEBUG_INFORMATION_FORMAT = dwarf;
				ENABLE_STRICT_OBJC_MSGSEND = YES;
				ENABLE_TESTABILITY = YES;
				GCC_C_LANGUAGE_STANDARD = gnu11;
				GCC_DYNAMIC_NO_PIC = NO;
				GCC_NO_COMMON_BLOCKS = YES;
				GCC_OPTIMIZATION_LEVEL = 0;
				GCC_PREPROCESSOR_DEFINITIONS = (
					"DEBUG=1",
					"$(inherited)",
				);
				GCC_WARN_64_TO_32_BIT_CONVERSION = YES;
				GCC_WARN_ABOUT_RETURN_TYPE = YES_ERROR;
				GCC_WARN_UNDECLARED_SELECTOR = YES;
				GCC_WARN_UNINITIALIZED_AUTOS = YES_AGGRESSIVE;
				GCC_WARN_UNUSED_FUNCTION = YES;
				GCC_WARN_UNUSED_VARIABLE = YES;
				IPHONEOS_DEPLOYMENT_TARGET = 11.1;
				MTL_ENABLE_DEBUG_INFO = YES;
				ONLY_ACTIVE_ARCH = YES;
				SDKROOT = iphoneos;
				SWIFT_ACTIVE_COMPILATION_CONDITIONS = DEBUG;
				SWIFT_OPTIMIZATION_LEVEL = "-Onone";
			};
			name = Debug;
		};
		835A9F8C1FDFE4D400A8172D /* Release */ = {
			isa = XCBuildConfiguration;
			buildSettings = {
				ALWAYS_SEARCH_USER_PATHS = NO;
				CLANG_ANALYZER_NONNULL = YES;
				CLANG_ANALYZER_NUMBER_OBJECT_CONVERSION = YES_AGGRESSIVE;
				CLANG_CXX_LANGUAGE_STANDARD = "gnu++14";
				CLANG_CXX_LIBRARY = "libc++";
				CLANG_ENABLE_MODULES = YES;
				CLANG_ENABLE_OBJC_ARC = YES;
				CLANG_WARN_BLOCK_CAPTURE_AUTORELEASING = YES;
				CLANG_WARN_BOOL_CONVERSION = YES;
				CLANG_WARN_COMMA = YES;
				CLANG_WARN_CONSTANT_CONVERSION = YES;
				CLANG_WARN_DIRECT_OBJC_ISA_USAGE = YES_ERROR;
				CLANG_WARN_DOCUMENTATION_COMMENTS = YES;
				CLANG_WARN_EMPTY_BODY = YES;
				CLANG_WARN_ENUM_CONVERSION = YES;
				CLANG_WARN_INFINITE_RECURSION = YES;
				CLANG_WARN_INT_CONVERSION = YES;
				CLANG_WARN_NON_LITERAL_NULL_CONVERSION = YES;
				CLANG_WARN_OBJC_LITERAL_CONVERSION = YES;
				CLANG_WARN_OBJC_ROOT_CLASS = YES_ERROR;
				CLANG_WARN_RANGE_LOOP_ANALYSIS = YES;
				CLANG_WARN_STRICT_PROTOTYPES = YES;
				CLANG_WARN_SUSPICIOUS_MOVE = YES;
				CLANG_WARN_UNGUARDED_AVAILABILITY = YES_AGGRESSIVE;
				CLANG_WARN_UNREACHABLE_CODE = YES;
				CLANG_WARN__DUPLICATE_METHOD_MATCH = YES;
				CODE_SIGN_IDENTITY = "iPhone Developer";
				COPY_PHASE_STRIP = NO;
				DEBUG_INFORMATION_FORMAT = "dwarf-with-dsym";
				ENABLE_NS_ASSERTIONS = NO;
				ENABLE_STRICT_OBJC_MSGSEND = YES;
				GCC_C_LANGUAGE_STANDARD = gnu11;
				GCC_NO_COMMON_BLOCKS = YES;
				GCC_WARN_64_TO_32_BIT_CONVERSION = YES;
				GCC_WARN_ABOUT_RETURN_TYPE = YES_ERROR;
				GCC_WARN_UNDECLARED_SELECTOR = YES;
				GCC_WARN_UNINITIALIZED_AUTOS = YES_AGGRESSIVE;
				GCC_WARN_UNUSED_FUNCTION = YES;
				GCC_WARN_UNUSED_VARIABLE = YES;
				IPHONEOS_DEPLOYMENT_TARGET = 11.1;
				MTL_ENABLE_DEBUG_INFO = NO;
				SDKROOT = iphoneos;
				SWIFT_OPTIMIZATION_LEVEL = "-Owholemodule";
				VALIDATE_PRODUCT = YES;
			};
			name = Release;
		};
		835A9F8E1FDFE4D400A8172D /* Debug */ = {
			isa = XCBuildConfiguration;
			buildSettings = {
				ASSETCATALOG_COMPILER_APPICON_NAME = AppIcon;
				CODE_SIGN_STYLE = Automatic;
				DEVELOPMENT_TEAM = WR35VQMY5K;
				INFOPLIST_FILE = iOSTestApp/Info.plist;
				LD_RUNPATH_SEARCH_PATHS = "$(inherited) @executable_path/Frameworks";
				PRODUCT_BUNDLE_IDENTIFIER = com.polidea.iOSTestApp;
				PRODUCT_NAME = "$(TARGET_NAME)";
				SWIFT_VERSION = 4.0;
				TARGETED_DEVICE_FAMILY = "1,2";
			};
			name = Debug;
		};
		835A9F8F1FDFE4D400A8172D /* Release */ = {
			isa = XCBuildConfiguration;
			buildSettings = {
				ASSETCATALOG_COMPILER_APPICON_NAME = AppIcon;
				CODE_SIGN_STYLE = Automatic;
				DEVELOPMENT_TEAM = WR35VQMY5K;
				INFOPLIST_FILE = iOSTestApp/Info.plist;
				LD_RUNPATH_SEARCH_PATHS = "$(inherited) @executable_path/Frameworks";
				PRODUCT_BUNDLE_IDENTIFIER = com.polidea.iOSTestApp;
				PRODUCT_NAME = "$(TARGET_NAME)";
				SWIFT_VERSION = 4.0;
				TARGETED_DEVICE_FAMILY = "1,2";
			};
			name = Release;
		};
/* End XCBuildConfiguration section */

/* Begin XCConfigurationList section */
		835A9F761FDFE4D400A8172D /* Build configuration list for PBXProject "iOSTestApp" */ = {
			isa = XCConfigurationList;
			buildConfigurations = (
				835A9F8B1FDFE4D400A8172D /* Debug */,
				835A9F8C1FDFE4D400A8172D /* Release */,
			);
			defaultConfigurationIsVisible = 0;
			defaultConfigurationName = Release;
		};
		835A9F8D1FDFE4D400A8172D /* Build configuration list for PBXNativeTarget "iOSTestApp" */ = {
			isa = XCConfigurationList;
			buildConfigurations = (
				835A9F8E1FDFE4D400A8172D /* Debug */,
				835A9F8F1FDFE4D400A8172D /* Release */,
			);
			defaultConfigurationIsVisible = 0;
			defaultConfigurationName = Release;
		};
/* End XCConfigurationList section */
	};
	rootObject = 835A9F731FDFE4D400A8172D /* Project object */;
}
