// !$*UTF8*$!
{
	archiveVersion = 1;
	classes = {
	};
	objectVersion = 48;
	objects = {

/* Begin PBXBuildFile section */
		2C30602B20078EE400E7F5C4 /* AppDelegate.swift in Sources */ = {isa = PBXBuildFile; fileRef = 2C30602A20078EE400E7F5C4 /* AppDelegate.swift */; };
		2C30603020078EE400E7F5C4 /* Main.storyboard in Resources */ = {isa = PBXBuildFile; fileRef = 2C30602E20078EE400E7F5C4 /* Main.storyboard */; };
		2C30603220078EE500E7F5C4 /* Assets.xcassets in Resources */ = {isa = PBXBuildFile; fileRef = 2C30603120078EE400E7F5C4 /* Assets.xcassets */; };
		2C30603520078EE500E7F5C4 /* LaunchScreen.storyboard in Resources */ = {isa = PBXBuildFile; fileRef = 2C30603320078EE500E7F5C4 /* LaunchScreen.storyboard */; };
		2C30603F20078F5F00E7F5C4 /* SampleClass.swift in Sources */ = {isa = PBXBuildFile; fileRef = 2C30603E20078F5F00E7F5C4 /* SampleClass.swift */; };
		2C30604120078F6D00E7F5C4 /* ClassWIthInit.swift in Sources */ = {isa = PBXBuildFile; fileRef = 2C30604020078F6D00E7F5C4 /* ClassWIthInit.swift */; };
		2C30604320078F8000E7F5C4 /* SampleStruct.swift in Sources */ = {isa = PBXBuildFile; fileRef = 2C30604220078F8000E7F5C4 /* SampleStruct.swift */; };
		2C30604520078F8B00E7F5C4 /* StructWithInit.swift in Sources */ = {isa = PBXBuildFile; fileRef = 2C30604420078F8B00E7F5C4 /* StructWithInit.swift */; };
		2C3060472007906B00E7F5C4 /* StructWithMemberwiseInit.swift in Sources */ = {isa = PBXBuildFile; fileRef = 2C3060462007906B00E7F5C4 /* StructWithMemberwiseInit.swift */; };
		2C306049200796F900E7F5C4 /* ViewController.swift in Sources */ = {isa = PBXBuildFile; fileRef = 2C306048200796F900E7F5C4 /* ViewController.swift */; };
		2C30604B2007972500E7F5C4 /* CustomInitViewController.swift in Sources */ = {isa = PBXBuildFile; fileRef = 2C30604A2007972500E7F5C4 /* CustomInitViewController.swift */; };
/* End PBXBuildFile section */

/* Begin PBXFileReference section */
		2C30602720078EE400E7F5C4 /* ConstructorObfuscationSampleProject.app */ = {isa = PBXFileReference; explicitFileType = wrapper.application; includeInIndex = 0; path = ConstructorObfuscationSampleProject.app; sourceTree = BUILT_PRODUCTS_DIR; };
		2C30602A20078EE400E7F5C4 /* AppDelegate.swift */ = {isa = PBXFileReference; lastKnownFileType = sourcecode.swift; path = AppDelegate.swift; sourceTree = "<group>"; };
		2C30602F20078EE400E7F5C4 /* Base */ = {isa = PBXFileReference; lastKnownFileType = file.storyboard; name = Base; path = Base.lproj/Main.storyboard; sourceTree = "<group>"; };
		2C30603120078EE400E7F5C4 /* Assets.xcassets */ = {isa = PBXFileReference; lastKnownFileType = folder.assetcatalog; path = Assets.xcassets; sourceTree = "<group>"; };
		2C30603420078EE500E7F5C4 /* Base */ = {isa = PBXFileReference; lastKnownFileType = file.storyboard; name = Base; path = Base.lproj/LaunchScreen.storyboard; sourceTree = "<group>"; };
		2C30603620078EE500E7F5C4 /* Info.plist */ = {isa = PBXFileReference; lastKnownFileType = text.plist.xml; path = Info.plist; sourceTree = "<group>"; };
		2C30603E20078F5F00E7F5C4 /* SampleClass.swift */ = {isa = PBXFileReference; lastKnownFileType = sourcecode.swift; path = SampleClass.swift; sourceTree = "<group>"; };
		2C30604020078F6D00E7F5C4 /* ClassWIthInit.swift */ = {isa = PBXFileReference; lastKnownFileType = sourcecode.swift; path = ClassWIthInit.swift; sourceTree = "<group>"; };
		2C30604220078F8000E7F5C4 /* SampleStruct.swift */ = {isa = PBXFileReference; lastKnownFileType = sourcecode.swift; path = SampleStruct.swift; sourceTree = "<group>"; };
		2C30604420078F8B00E7F5C4 /* StructWithInit.swift */ = {isa = PBXFileReference; lastKnownFileType = sourcecode.swift; path = StructWithInit.swift; sourceTree = "<group>"; };
		2C3060462007906B00E7F5C4 /* StructWithMemberwiseInit.swift */ = {isa = PBXFileReference; lastKnownFileType = sourcecode.swift; path = StructWithMemberwiseInit.swift; sourceTree = "<group>"; };
		2C306048200796F900E7F5C4 /* ViewController.swift */ = {isa = PBXFileReference; lastKnownFileType = sourcecode.swift; path = ViewController.swift; sourceTree = "<group>"; };
		2C30604A2007972500E7F5C4 /* CustomInitViewController.swift */ = {isa = PBXFileReference; lastKnownFileType = sourcecode.swift; path = CustomInitViewController.swift; sourceTree = "<group>"; };
/* End PBXFileReference section */

/* Begin PBXFrameworksBuildPhase section */
		2C30602420078EE400E7F5C4 /* Frameworks */ = {
			isa = PBXFrameworksBuildPhase;
			buildActionMask = 2147483647;
			files = (
			);
			runOnlyForDeploymentPostprocessing = 0;
		};
/* End PBXFrameworksBuildPhase section */

/* Begin PBXGroup section */
		2C30601E20078EE400E7F5C4 = {
			isa = PBXGroup;
			children = (
				2C30602920078EE400E7F5C4 /* ConstructorObfuscationSampleProject */,
				2C30602820078EE400E7F5C4 /* Products */,
			);
			sourceTree = "<group>";
		};
		2C30602820078EE400E7F5C4 /* Products */ = {
			isa = PBXGroup;
			children = (
				2C30602720078EE400E7F5C4 /* ConstructorObfuscationSampleProject.app */,
			);
			name = Products;
			sourceTree = "<group>";
		};
		2C30602920078EE400E7F5C4 /* ConstructorObfuscationSampleProject */ = {
			isa = PBXGroup;
			children = (
				2C30602A20078EE400E7F5C4 /* AppDelegate.swift */,
				2C30602E20078EE400E7F5C4 /* Main.storyboard */,
				2C30603120078EE400E7F5C4 /* Assets.xcassets */,
				2C30603320078EE500E7F5C4 /* LaunchScreen.storyboard */,
				2C30603620078EE500E7F5C4 /* Info.plist */,
				2C30603E20078F5F00E7F5C4 /* SampleClass.swift */,
				2C30604020078F6D00E7F5C4 /* ClassWIthInit.swift */,
				2C30604220078F8000E7F5C4 /* SampleStruct.swift */,
				2C30604420078F8B00E7F5C4 /* StructWithInit.swift */,
				2C3060462007906B00E7F5C4 /* StructWithMemberwiseInit.swift */,
				2C306048200796F900E7F5C4 /* ViewController.swift */,
				2C30604A2007972500E7F5C4 /* CustomInitViewController.swift */,
			);
			path = ConstructorObfuscationSampleProject;
			sourceTree = "<group>";
		};
/* End PBXGroup section */

/* Begin PBXNativeTarget section */
		2C30602620078EE400E7F5C4 /* ConstructorObfuscationSampleProject */ = {
			isa = PBXNativeTarget;
			buildConfigurationList = 2C30603920078EE500E7F5C4 /* Build configuration list for PBXNativeTarget "ConstructorObfuscationSampleProject" */;
			buildPhases = (
				2C30602320078EE400E7F5C4 /* Sources */,
				2C30602420078EE400E7F5C4 /* Frameworks */,
				2C30602520078EE400E7F5C4 /* Resources */,
			);
			buildRules = (
			);
			dependencies = (
			);
			name = ConstructorObfuscationSampleProject;
			productName = ConstructorObfuscationSampleProject;
			productReference = 2C30602720078EE400E7F5C4 /* ConstructorObfuscationSampleProject.app */;
			productType = "com.apple.product-type.application";
		};
/* End PBXNativeTarget section */

/* Begin PBXProject section */
		2C30601F20078EE400E7F5C4 /* Project object */ = {
			isa = PBXProject;
			attributes = {
				LastSwiftUpdateCheck = 0920;
				LastUpgradeCheck = 0920;
				ORGANIZATIONNAME = com.polidea.contructorSample;
				TargetAttributes = {
					2C30602620078EE400E7F5C4 = {
						CreatedOnToolsVersion = 9.2;
						ProvisioningStyle = Automatic;
					};
				};
			};
			buildConfigurationList = 2C30602220078EE400E7F5C4 /* Build configuration list for PBXProject "ConstructorObfuscationSampleProject" */;
			compatibilityVersion = "Xcode 8.0";
			developmentRegion = en;
			hasScannedForEncodings = 0;
			knownRegions = (
				en,
				Base,
			);
			mainGroup = 2C30601E20078EE400E7F5C4;
			productRefGroup = 2C30602820078EE400E7F5C4 /* Products */;
			projectDirPath = "";
			projectRoot = "";
			targets = (
				2C30602620078EE400E7F5C4 /* ConstructorObfuscationSampleProject */,
			);
		};
/* End PBXProject section */

/* Begin PBXResourcesBuildPhase section */
		2C30602520078EE400E7F5C4 /* Resources */ = {
			isa = PBXResourcesBuildPhase;
			buildActionMask = 2147483647;
			files = (
				2C30603520078EE500E7F5C4 /* LaunchScreen.storyboard in Resources */,
				2C30603220078EE500E7F5C4 /* Assets.xcassets in Resources */,
				2C30603020078EE400E7F5C4 /* Main.storyboard in Resources */,
			);
			runOnlyForDeploymentPostprocessing = 0;
		};
/* End PBXResourcesBuildPhase section */

/* Begin PBXSourcesBuildPhase section */
		2C30602320078EE400E7F5C4 /* Sources */ = {
			isa = PBXSourcesBuildPhase;
			buildActionMask = 2147483647;
			files = (
				2C306049200796F900E7F5C4 /* ViewController.swift in Sources */,
				2C3060472007906B00E7F5C4 /* StructWithMemberwiseInit.swift in Sources */,
				2C30604320078F8000E7F5C4 /* SampleStruct.swift in Sources */,
				2C30604520078F8B00E7F5C4 /* StructWithInit.swift in Sources */,
				2C30603F20078F5F00E7F5C4 /* SampleClass.swift in Sources */,
				2C30602B20078EE400E7F5C4 /* AppDelegate.swift in Sources */,
				2C30604120078F6D00E7F5C4 /* ClassWIthInit.swift in Sources */,
				2C30604B2007972500E7F5C4 /* CustomInitViewController.swift in Sources */,
			);
			runOnlyForDeploymentPostprocessing = 0;
		};
/* End PBXSourcesBuildPhase section */

/* Begin PBXVariantGroup section */
		2C30602E20078EE400E7F5C4 /* Main.storyboard */ = {
			isa = PBXVariantGroup;
			children = (
				2C30602F20078EE400E7F5C4 /* Base */,
			);
			name = Main.storyboard;
			sourceTree = "<group>";
		};
		2C30603320078EE500E7F5C4 /* LaunchScreen.storyboard */ = {
			isa = PBXVariantGroup;
			children = (
				2C30603420078EE500E7F5C4 /* Base */,
			);
			name = LaunchScreen.storyboard;
			sourceTree = "<group>";
		};
/* End PBXVariantGroup section */

/* Begin XCBuildConfiguration section */
		2C30603720078EE500E7F5C4 /* Debug */ = {
			isa = XCBuildConfiguration;
			buildSettings = {
				ALWAYS_SEARCH_USER_PATHS = NO;
				CLANG_ANALYZER_NONNULL = YES;
				CLANG_ANALYZER_NUMBER_OBJECT_CONVERSION = YES_AGGRESSIVE;
				CLANG_CXX_LANGUAGE_STANDARD = "gnu++14";
				CLANG_CXX_LIBRARY = "libc++";
				CLANG_ENABLE_MODULES = YES;
				CLANG_ENABLE_OBJC_ARC = YES;
				CLANG_WARN_BLOCK_CAPTURE_AUTORELEASING = YES;
				CLANG_WARN_BOOL_CONVERSION = YES;
				CLANG_WARN_COMMA = YES;
				CLANG_WARN_CONSTANT_CONVERSION = YES;
				CLANG_WARN_DIRECT_OBJC_ISA_USAGE = YES_ERROR;
				CLANG_WARN_DOCUMENTATION_COMMENTS = YES;
				CLANG_WARN_EMPTY_BODY = YES;
				CLANG_WARN_ENUM_CONVERSION = YES;
				CLANG_WARN_INFINITE_RECURSION = YES;
				CLANG_WARN_INT_CONVERSION = YES;
				CLANG_WARN_NON_LITERAL_NULL_CONVERSION = YES;
				CLANG_WARN_OBJC_LITERAL_CONVERSION = YES;
				CLANG_WARN_OBJC_ROOT_CLASS = YES_ERROR;
				CLANG_WARN_RANGE_LOOP_ANALYSIS = YES;
				CLANG_WARN_STRICT_PROTOTYPES = YES;
				CLANG_WARN_SUSPICIOUS_MOVE = YES;
				CLANG_WARN_UNGUARDED_AVAILABILITY = YES_AGGRESSIVE;
				CLANG_WARN_UNREACHABLE_CODE = YES;
				CLANG_WARN__DUPLICATE_METHOD_MATCH = YES;
				CODE_SIGN_IDENTITY = "iPhone Developer";
				COPY_PHASE_STRIP = NO;
				DEBUG_INFORMATION_FORMAT = dwarf;
				ENABLE_STRICT_OBJC_MSGSEND = YES;
				ENABLE_TESTABILITY = YES;
				GCC_C_LANGUAGE_STANDARD = gnu11;
				GCC_DYNAMIC_NO_PIC = NO;
				GCC_NO_COMMON_BLOCKS = YES;
				GCC_OPTIMIZATION_LEVEL = 0;
				GCC_PREPROCESSOR_DEFINITIONS = (
					"DEBUG=1",
					"$(inherited)",
				);
				GCC_WARN_64_TO_32_BIT_CONVERSION = YES;
				GCC_WARN_ABOUT_RETURN_TYPE = YES_ERROR;
				GCC_WARN_UNDECLARED_SELECTOR = YES;
				GCC_WARN_UNINITIALIZED_AUTOS = YES_AGGRESSIVE;
				GCC_WARN_UNUSED_FUNCTION = YES;
				GCC_WARN_UNUSED_VARIABLE = YES;
				IPHONEOS_DEPLOYMENT_TARGET = 11.2;
				MTL_ENABLE_DEBUG_INFO = YES;
				ONLY_ACTIVE_ARCH = YES;
				SDKROOT = iphoneos;
				SWIFT_ACTIVE_COMPILATION_CONDITIONS = DEBUG;
				SWIFT_OPTIMIZATION_LEVEL = "-Onone";
			};
			name = Debug;
		};
		2C30603820078EE500E7F5C4 /* Release */ = {
			isa = XCBuildConfiguration;
			buildSettings = {
				ALWAYS_SEARCH_USER_PATHS = NO;
				CLANG_ANALYZER_NONNULL = YES;
				CLANG_ANALYZER_NUMBER_OBJECT_CONVERSION = YES_AGGRESSIVE;
				CLANG_CXX_LANGUAGE_STANDARD = "gnu++14";
				CLANG_CXX_LIBRARY = "libc++";
				CLANG_ENABLE_MODULES = YES;
				CLANG_ENABLE_OBJC_ARC = YES;
				CLANG_WARN_BLOCK_CAPTURE_AUTORELEASING = YES;
				CLANG_WARN_BOOL_CONVERSION = YES;
				CLANG_WARN_COMMA = YES;
				CLANG_WARN_CONSTANT_CONVERSION = YES;
				CLANG_WARN_DIRECT_OBJC_ISA_USAGE = YES_ERROR;
				CLANG_WARN_DOCUMENTATION_COMMENTS = YES;
				CLANG_WARN_EMPTY_BODY = YES;
				CLANG_WARN_ENUM_CONVERSION = YES;
				CLANG_WARN_INFINITE_RECURSION = YES;
				CLANG_WARN_INT_CONVERSION = YES;
				CLANG_WARN_NON_LITERAL_NULL_CONVERSION = YES;
				CLANG_WARN_OBJC_LITERAL_CONVERSION = YES;
				CLANG_WARN_OBJC_ROOT_CLASS = YES_ERROR;
				CLANG_WARN_RANGE_LOOP_ANALYSIS = YES;
				CLANG_WARN_STRICT_PROTOTYPES = YES;
				CLANG_WARN_SUSPICIOUS_MOVE = YES;
				CLANG_WARN_UNGUARDED_AVAILABILITY = YES_AGGRESSIVE;
				CLANG_WARN_UNREACHABLE_CODE = YES;
				CLANG_WARN__DUPLICATE_METHOD_MATCH = YES;
				CODE_SIGN_IDENTITY = "iPhone Developer";
				COPY_PHASE_STRIP = NO;
				DEBUG_INFORMATION_FORMAT = "dwarf-with-dsym";
				ENABLE_NS_ASSERTIONS = NO;
				ENABLE_STRICT_OBJC_MSGSEND = YES;
				GCC_C_LANGUAGE_STANDARD = gnu11;
				GCC_NO_COMMON_BLOCKS = YES;
				GCC_WARN_64_TO_32_BIT_CONVERSION = YES;
				GCC_WARN_ABOUT_RETURN_TYPE = YES_ERROR;
				GCC_WARN_UNDECLARED_SELECTOR = YES;
				GCC_WARN_UNINITIALIZED_AUTOS = YES_AGGRESSIVE;
				GCC_WARN_UNUSED_FUNCTION = YES;
				GCC_WARN_UNUSED_VARIABLE = YES;
				IPHONEOS_DEPLOYMENT_TARGET = 11.2;
				MTL_ENABLE_DEBUG_INFO = NO;
				SDKROOT = iphoneos;
				SWIFT_OPTIMIZATION_LEVEL = "-Owholemodule";
				VALIDATE_PRODUCT = YES;
			};
			name = Release;
		};
		2C30603A20078EE500E7F5C4 /* Debug */ = {
			isa = XCBuildConfiguration;
			buildSettings = {
				ASSETCATALOG_COMPILER_APPICON_NAME = AppIcon;
				CODE_SIGN_STYLE = Automatic;
				INFOPLIST_FILE = ConstructorObfuscationSampleProject/Info.plist;
				LD_RUNPATH_SEARCH_PATHS = "$(inherited) @executable_path/Frameworks";
				PRODUCT_BUNDLE_IDENTIFIER = none.ConstructorObfuscationSampleProject;
				PRODUCT_NAME = "$(TARGET_NAME)";
				SWIFT_VERSION = 4.0;
				TARGETED_DEVICE_FAMILY = "1,2";
			};
			name = Debug;
		};
		2C30603B20078EE500E7F5C4 /* Release */ = {
			isa = XCBuildConfiguration;
			buildSettings = {
				ASSETCATALOG_COMPILER_APPICON_NAME = AppIcon;
				CODE_SIGN_STYLE = Automatic;
				INFOPLIST_FILE = ConstructorObfuscationSampleProject/Info.plist;
				LD_RUNPATH_SEARCH_PATHS = "$(inherited) @executable_path/Frameworks";
				PRODUCT_BUNDLE_IDENTIFIER = none.ConstructorObfuscationSampleProject;
				PRODUCT_NAME = "$(TARGET_NAME)";
				SWIFT_VERSION = 4.0;
				TARGETED_DEVICE_FAMILY = "1,2";
			};
			name = Release;
		};
/* End XCBuildConfiguration section */

/* Begin XCConfigurationList section */
		2C30602220078EE400E7F5C4 /* Build configuration list for PBXProject "ConstructorObfuscationSampleProject" */ = {
			isa = XCConfigurationList;
			buildConfigurations = (
				2C30603720078EE500E7F5C4 /* Debug */,
				2C30603820078EE500E7F5C4 /* Release */,
			);
			defaultConfigurationIsVisible = 0;
			defaultConfigurationName = Release;
		};
		2C30603920078EE500E7F5C4 /* Build configuration list for PBXNativeTarget "ConstructorObfuscationSampleProject" */ = {
			isa = XCConfigurationList;
			buildConfigurations = (
				2C30603A20078EE500E7F5C4 /* Debug */,
				2C30603B20078EE500E7F5C4 /* Release */,
			);
			defaultConfigurationIsVisible = 0;
			defaultConfigurationName = Release;
		};
/* End XCConfigurationList section */
	};
	rootObject = 2C30601F20078EE400E7F5C4 /* Project object */;
}
